
Microsoft Visual Studio Solution File, Format Version 12.00
# Visual Studio Version 17
VisualStudioVersion = 17.11.35312.102
MinimumVisualStudioVersion = 10.0.40219.1
Project("{8BC9CEB8-8B4A-11D0-8D11-00A0C91BC942}") = "ode", "ode.vcxproj", "{E5F7A3E3-0C95-6741-B1F2-587014C1A86E}"
EndProject
Project("{8BC9CEB8-8B4A-11D0-8D11-00A0C91BC942}") = "tests", "tests.vcxproj", "{A2839C24-0F58-F449-B877-04DDFD091A64}"
	ProjectSection(ProjectDependencies) = postProject
		{E5F7A3E3-0C95-6741-B1F2-587014C1A86E} = {E5F7A3E3-0C95-6741-B1F2-587014C1A86E}
	EndProjectSection
EndProject
Project("{8BC9CEB8-8B4A-11D0-8D11-00A0C91BC942}") = "ProyectoBase", "..\ProyectoBase\ProyectoBase.vcxproj", "{D841B09F-FAA0-47FF-8657-E2D8A48713AA}"
	ProjectSection(ProjectDependencies) = postProject
		{E5F7A3E3-0C95-6741-B1F2-587014C1A86E} = {E5F7A3E3-0C95-6741-B1F2-587014C1A86E}
	EndProjectSection
EndProject
Global
	GlobalSection(SolutionConfigurationPlatforms) = preSolution
		Debug|Win32 = Debug|Win32
		Debug|x64 = Debug|x64
		DebugDoubleDLL|Win32 = DebugDoubleDLL|Win32
		DebugDoubleDLL|x64 = DebugDoubleDLL|x64
		DebugDoubleLib|Win32 = DebugDoubleLib|Win32
		DebugDoubleLib|x64 = DebugDoubleLib|x64
		DebugSingleDLL|Win32 = DebugSingleDLL|Win32
		DebugSingleDLL|x64 = DebugSingleDLL|x64
		DebugSingleLib|Win32 = DebugSingleLib|Win32
		DebugSingleLib|x64 = DebugSingleLib|x64
		Release|Win32 = Release|Win32
		Release|x64 = Release|x64
		ReleaseDoubleDLL|Win32 = ReleaseDoubleDLL|Win32
		ReleaseDoubleDLL|x64 = ReleaseDoubleDLL|x64
		ReleaseDoubleLib|Win32 = ReleaseDoubleLib|Win32
		ReleaseDoubleLib|x64 = ReleaseDoubleLib|x64
		ReleaseSingleDLL|Win32 = ReleaseSingleDLL|Win32
		ReleaseSingleDLL|x64 = ReleaseSingleDLL|x64
		ReleaseSingleLib|Win32 = ReleaseSingleLib|Win32
		ReleaseSingleLib|x64 = ReleaseSingleLib|x64
	EndGlobalSection
	GlobalSection(ProjectConfigurationPlatforms) = postSolution
		{E5F7A3E3-0C95-6741-B1F2-587014C1A86E}.Debug|Win32.ActiveCfg = DebugSingleLib|Win32
		{E5F7A3E3-0C95-6741-B1F2-587014C1A86E}.Debug|Win32.Build.0 = DebugSingleLib|Win32
		{E5F7A3E3-0C95-6741-B1F2-587014C1A86E}.Debug|x64.ActiveCfg = DebugSingleLib|Win32
		{E5F7A3E3-0C95-6741-B1F2-587014C1A86E}.Debug|x64.Build.0 = DebugSingleLib|Win32
		{E5F7A3E3-0C95-6741-B1F2-587014C1A86E}.DebugDoubleDLL|Win32.ActiveCfg = DebugDoubleDLL|Win32
		{E5F7A3E3-0C95-6741-B1F2-587014C1A86E}.DebugDoubleDLL|Win32.Build.0 = DebugDoubleDLL|Win32
		{E5F7A3E3-0C95-6741-B1F2-587014C1A86E}.DebugDoubleDLL|x64.ActiveCfg = DebugDoubleDLL|Win32
		{E5F7A3E3-0C95-6741-B1F2-587014C1A86E}.DebugDoubleDLL|x64.Build.0 = DebugDoubleDLL|Win32
		{E5F7A3E3-0C95-6741-B1F2-587014C1A86E}.DebugDoubleLib|Win32.ActiveCfg = DebugDoubleLib|Win32
		{E5F7A3E3-0C95-6741-B1F2-587014C1A86E}.DebugDoubleLib|Win32.Build.0 = DebugDoubleLib|Win32
		{E5F7A3E3-0C95-6741-B1F2-587014C1A86E}.DebugDoubleLib|x64.ActiveCfg = DebugDoubleLib|Win32
		{E5F7A3E3-0C95-6741-B1F2-587014C1A86E}.DebugDoubleLib|x64.Build.0 = DebugDoubleLib|Win32
		{E5F7A3E3-0C95-6741-B1F2-587014C1A86E}.DebugSingleDLL|Win32.ActiveCfg = DebugSingleDLL|Win32
		{E5F7A3E3-0C95-6741-B1F2-587014C1A86E}.DebugSingleDLL|Win32.Build.0 = DebugSingleDLL|Win32
		{E5F7A3E3-0C95-6741-B1F2-587014C1A86E}.DebugSingleDLL|x64.ActiveCfg = DebugSingleDLL|Win32
		{E5F7A3E3-0C95-6741-B1F2-587014C1A86E}.DebugSingleDLL|x64.Build.0 = DebugSingleDLL|Win32
		{E5F7A3E3-0C95-6741-B1F2-587014C1A86E}.DebugSingleLib|Win32.ActiveCfg = DebugSingleLib|Win32
		{E5F7A3E3-0C95-6741-B1F2-587014C1A86E}.DebugSingleLib|Win32.Build.0 = DebugSingleLib|Win32
		{E5F7A3E3-0C95-6741-B1F2-587014C1A86E}.DebugSingleLib|x64.ActiveCfg = DebugSingleLib|Win32
		{E5F7A3E3-0C95-6741-B1F2-587014C1A86E}.DebugSingleLib|x64.Build.0 = DebugSingleLib|Win32
		{E5F7A3E3-0C95-6741-B1F2-587014C1A86E}.Release|Win32.ActiveCfg = ReleaseSingleLib|Win32
		{E5F7A3E3-0C95-6741-B1F2-587014C1A86E}.Release|Win32.Build.0 = ReleaseSingleLib|Win32
		{E5F7A3E3-0C95-6741-B1F2-587014C1A86E}.Release|x64.ActiveCfg = ReleaseSingleLib|Win32
		{E5F7A3E3-0C95-6741-B1F2-587014C1A86E}.Release|x64.Build.0 = ReleaseSingleLib|Win32
		{E5F7A3E3-0C95-6741-B1F2-587014C1A86E}.ReleaseDoubleDLL|Win32.ActiveCfg = ReleaseDoubleDLL|Win32
		{E5F7A3E3-0C95-6741-B1F2-587014C1A86E}.ReleaseDoubleDLL|Win32.Build.0 = ReleaseDoubleDLL|Win32
		{E5F7A3E3-0C95-6741-B1F2-587014C1A86E}.ReleaseDoubleDLL|x64.ActiveCfg = ReleaseDoubleDLL|Win32
		{E5F7A3E3-0C95-6741-B1F2-587014C1A86E}.ReleaseDoubleDLL|x64.Build.0 = ReleaseDoubleDLL|Win32
		{E5F7A3E3-0C95-6741-B1F2-587014C1A86E}.ReleaseDoubleLib|Win32.ActiveCfg = ReleaseDoubleLib|Win32
		{E5F7A3E3-0C95-6741-B1F2-587014C1A86E}.ReleaseDoubleLib|Win32.Build.0 = ReleaseDoubleLib|Win32
		{E5F7A3E3-0C95-6741-B1F2-587014C1A86E}.ReleaseDoubleLib|x64.ActiveCfg = ReleaseDoubleLib|Win32
		{E5F7A3E3-0C95-6741-B1F2-587014C1A86E}.ReleaseDoubleLib|x64.Build.0 = ReleaseDoubleLib|Win32
		{E5F7A3E3-0C95-6741-B1F2-587014C1A86E}.ReleaseSingleDLL|Win32.ActiveCfg = ReleaseSingleDLL|Win32
		{E5F7A3E3-0C95-6741-B1F2-587014C1A86E}.ReleaseSingleDLL|Win32.Build.0 = ReleaseSingleDLL|Win32
		{E5F7A3E3-0C95-6741-B1F2-587014C1A86E}.ReleaseSingleDLL|x64.ActiveCfg = ReleaseSingleDLL|Win32
		{E5F7A3E3-0C95-6741-B1F2-587014C1A86E}.ReleaseSingleDLL|x64.Build.0 = ReleaseSingleDLL|Win32
		{E5F7A3E3-0C95-6741-B1F2-587014C1A86E}.ReleaseSingleLib|Win32.ActiveCfg = ReleaseSingleLib|Win32
		{E5F7A3E3-0C95-6741-B1F2-587014C1A86E}.ReleaseSingleLib|Win32.Build.0 = ReleaseSingleLib|Win32
		{E5F7A3E3-0C95-6741-B1F2-587014C1A86E}.ReleaseSingleLib|x64.ActiveCfg = ReleaseSingleLib|Win32
		{E5F7A3E3-0C95-6741-B1F2-587014C1A86E}.ReleaseSingleLib|x64.Build.0 = ReleaseSingleLib|Win32
		{A2839C24-0F58-F449-B877-04DDFD091A64}.Debug|Win32.ActiveCfg = DebugSingleLib|Win32
		{A2839C24-0F58-F449-B877-04DDFD091A64}.Debug|Win32.Build.0 = DebugSingleLib|Win32
		{A2839C24-0F58-F449-B877-04DDFD091A64}.Debug|x64.ActiveCfg = DebugSingleLib|Win32
		{A2839C24-0F58-F449-B877-04DDFD091A64}.Debug|x64.Build.0 = DebugSingleLib|Win32
		{A2839C24-0F58-F449-B877-04DDFD091A64}.DebugDoubleDLL|Win32.ActiveCfg = DebugDoubleDLL|Win32
		{A2839C24-0F58-F449-B877-04DDFD091A64}.DebugDoubleDLL|Win32.Build.0 = DebugDoubleDLL|Win32
		{A2839C24-0F58-F449-B877-04DDFD091A64}.DebugDoubleDLL|x64.ActiveCfg = DebugDoubleDLL|Win32
		{A2839C24-0F58-F449-B877-04DDFD091A64}.DebugDoubleDLL|x64.Build.0 = DebugDoubleDLL|Win32
		{A2839C24-0F58-F449-B877-04DDFD091A64}.DebugDoubleLib|Win32.ActiveCfg = DebugDoubleLib|Win32
		{A2839C24-0F58-F449-B877-04DDFD091A64}.DebugDoubleLib|Win32.Build.0 = DebugDoubleLib|Win32
		{A2839C24-0F58-F449-B877-04DDFD091A64}.DebugDoubleLib|x64.ActiveCfg = DebugDoubleLib|Win32
		{A2839C24-0F58-F449-B877-04DDFD091A64}.DebugDoubleLib|x64.Build.0 = DebugDoubleLib|Win32
		{A2839C24-0F58-F449-B877-04DDFD091A64}.DebugSingleDLL|Win32.ActiveCfg = DebugSingleDLL|Win32
		{A2839C24-0F58-F449-B877-04DDFD091A64}.DebugSingleDLL|Win32.Build.0 = DebugSingleDLL|Win32
		{A2839C24-0F58-F449-B877-04DDFD091A64}.DebugSingleDLL|x64.ActiveCfg = DebugSingleDLL|Win32
		{A2839C24-0F58-F449-B877-04DDFD091A64}.DebugSingleDLL|x64.Build.0 = DebugSingleDLL|Win32
		{A2839C24-0F58-F449-B877-04DDFD091A64}.DebugSingleLib|Win32.ActiveCfg = DebugSingleLib|Win32
		{A2839C24-0F58-F449-B877-04DDFD091A64}.DebugSingleLib|Win32.Build.0 = DebugSingleLib|Win32
		{A2839C24-0F58-F449-B877-04DDFD091A64}.DebugSingleLib|x64.ActiveCfg = DebugSingleLib|Win32
		{A2839C24-0F58-F449-B877-04DDFD091A64}.DebugSingleLib|x64.Build.0 = DebugSingleLib|Win32
		{A2839C24-0F58-F449-B877-04DDFD091A64}.Release|Win32.ActiveCfg = ReleaseSingleLib|Win32
		{A2839C24-0F58-F449-B877-04DDFD091A64}.Release|Win32.Build.0 = ReleaseSingleLib|Win32
		{A2839C24-0F58-F449-B877-04DDFD091A64}.Release|x64.ActiveCfg = ReleaseSingleLib|Win32
		{A2839C24-0F58-F449-B877-04DDFD091A64}.Release|x64.Build.0 = ReleaseSingleLib|Win32
		{A2839C24-0F58-F449-B877-04DDFD091A64}.ReleaseDoubleDLL|Win32.ActiveCfg = ReleaseDoubleDLL|Win32
		{A2839C24-0F58-F449-B877-04DDFD091A64}.ReleaseDoubleDLL|Win32.Build.0 = ReleaseDoubleDLL|Win32
		{A2839C24-0F58-F449-B877-04DDFD091A64}.ReleaseDoubleDLL|x64.ActiveCfg = ReleaseDoubleDLL|Win32
		{A2839C24-0F58-F449-B877-04DDFD091A64}.ReleaseDoubleDLL|x64.Build.0 = ReleaseDoubleDLL|Win32
		{A2839C24-0F58-F449-B877-04DDFD091A64}.ReleaseDoubleLib|Win32.ActiveCfg = ReleaseDoubleLib|Win32
		{A2839C24-0F58-F449-B877-04DDFD091A64}.ReleaseDoubleLib|Win32.Build.0 = ReleaseDoubleLib|Win32
		{A2839C24-0F58-F449-B877-04DDFD091A64}.ReleaseDoubleLib|x64.ActiveCfg = ReleaseDoubleLib|Win32
		{A2839C24-0F58-F449-B877-04DDFD091A64}.ReleaseDoubleLib|x64.Build.0 = ReleaseDoubleLib|Win32
		{A2839C24-0F58-F449-B877-04DDFD091A64}.ReleaseSingleDLL|Win32.ActiveCfg = ReleaseSingleDLL|Win32
		{A2839C24-0F58-F449-B877-04DDFD091A64}.ReleaseSingleDLL|Win32.Build.0 = ReleaseSingleDLL|Win32
		{A2839C24-0F58-F449-B877-04DDFD091A64}.ReleaseSingleDLL|x64.ActiveCfg = ReleaseSingleDLL|Win32
		{A2839C24-0F58-F449-B877-04DDFD091A64}.ReleaseSingleDLL|x64.Build.0 = ReleaseSingleDLL|Win32
		{A2839C24-0F58-F449-B877-04DDFD091A64}.ReleaseSingleLib|Win32.ActiveCfg = ReleaseSingleLib|Win32
		{A2839C24-0F58-F449-B877-04DDFD091A64}.ReleaseSingleLib|Win32.Build.0 = ReleaseSingleLib|Win32
		{A2839C24-0F58-F449-B877-04DDFD091A64}.ReleaseSingleLib|x64.ActiveCfg = ReleaseSingleLib|Win32
		{A2839C24-0F58-F449-B877-04DDFD091A64}.ReleaseSingleLib|x64.Build.0 = ReleaseSingleLib|Win32
		{D841B09F-FAA0-47FF-8657-E2D8A48713AA}.Debug|Win32.ActiveCfg = Debug|Win32
		{D841B09F-FAA0-47FF-8657-E2D8A48713AA}.Debug|Win32.Build.0 = Debug|Win32
		{D841B09F-FAA0-47FF-8657-E2D8A48713AA}.Debug|x64.ActiveCfg = Debug|x64
		{D841B09F-FAA0-47FF-8657-E2D8A48713AA}.Debug|x64.Build.0 = Debug|x64
		{D841B09F-FAA0-47FF-8657-E2D8A48713AA}.DebugDoubleDLL|Win32.ActiveCfg = Debug|Win32
		{D841B09F-FAA0-47FF-8657-E2D8A48713AA}.DebugDoubleDLL|Win32.Build.0 = Debug|Win32
		{D841B09F-FAA0-47FF-8657-E2D8A48713AA}.DebugDoubleDLL|x64.ActiveCfg = Debug|x64
		{D841B09F-FAA0-47FF-8657-E2D8A48713AA}.DebugDoubleDLL|x64.Build.0 = Debug|x64
		{D841B09F-FAA0-47FF-8657-E2D8A48713AA}.DebugDoubleLib|Win32.ActiveCfg = Debug|Win32
		{D841B09F-FAA0-47FF-8657-E2D8A48713AA}.DebugDoubleLib|Win32.Build.0 = Debug|Win32
		{D841B09F-FAA0-47FF-8657-E2D8A48713AA}.DebugDoubleLib|x64.ActiveCfg = Debug|x64
		{D841B09F-FAA0-47FF-8657-E2D8A48713AA}.DebugDoubleLib|x64.Build.0 = Debug|x64
		{D841B09F-FAA0-47FF-8657-E2D8A48713AA}.DebugSingleDLL|Win32.ActiveCfg = Debug|Win32
		{D841B09F-FAA0-47FF-8657-E2D8A48713AA}.DebugSingleDLL|Win32.Build.0 = Debug|Win32
		{D841B09F-FAA0-47FF-8657-E2D8A48713AA}.DebugSingleDLL|x64.ActiveCfg = Debug|x64
		{D841B09F-FAA0-47FF-8657-E2D8A48713AA}.DebugSingleDLL|x64.Build.0 = Debug|x64
		{D841B09F-FAA0-47FF-8657-E2D8A48713AA}.DebugSingleLib|Win32.ActiveCfg = Debug|Win32
		{D841B09F-FAA0-47FF-8657-E2D8A48713AA}.DebugSingleLib|Win32.Build.0 = Debug|Win32
		{D841B09F-FAA0-47FF-8657-E2D8A48713AA}.DebugSingleLib|x64.ActiveCfg = Debug|x64
		{D841B09F-FAA0-47FF-8657-E2D8A48713AA}.DebugSingleLib|x64.Build.0 = Debug|x64
		{D841B09F-FAA0-47FF-8657-E2D8A48713AA}.Release|Win32.ActiveCfg = Release|Win32
		{D841B09F-FAA0-47FF-8657-E2D8A48713AA}.Release|Win32.Build.0 = Release|Win32
		{D841B09F-FAA0-47FF-8657-E2D8A48713AA}.Release|x64.ActiveCfg = Release|x64
		{D841B09F-FAA0-47FF-8657-E2D8A48713AA}.Release|x64.Build.0 = Release|x64
		{D841B09F-FAA0-47FF-8657-E2D8A48713AA}.ReleaseDoubleDLL|Win32.ActiveCfg = Release|Win32
		{D841B09F-FAA0-47FF-8657-E2D8A48713AA}.ReleaseDoubleDLL|Win32.Build.0 = Release|Win32
		{D841B09F-FAA0-47FF-8657-E2D8A48713AA}.ReleaseDoubleDLL|x64.ActiveCfg = Release|x64
		{D841B09F-FAA0-47FF-8657-E2D8A48713AA}.ReleaseDoubleDLL|x64.Build.0 = Release|x64
		{D841B09F-FAA0-47FF-8657-E2D8A48713AA}.ReleaseDoubleLib|Win32.ActiveCfg = Release|Win32
		{D841B09F-FAA0-47FF-8657-E2D8A48713AA}.ReleaseDoubleLib|Win32.Build.0 = Release|Win32
		{D841B09F-FAA0-47FF-8657-E2D8A48713AA}.ReleaseDoubleLib|x64.ActiveCfg = Release|x64
		{D841B09F-FAA0-47FF-8657-E2D8A48713AA}.ReleaseDoubleLib|x64.Build.0 = Release|x64
		{D841B09F-FAA0-47FF-8657-E2D8A48713AA}.ReleaseSingleDLL|Win32.ActiveCfg = Release|Win32
		{D841B09F-FAA0-47FF-8657-E2D8A48713AA}.ReleaseSingleDLL|Win32.Build.0 = Release|Win32
		{D841B09F-FAA0-47FF-8657-E2D8A48713AA}.ReleaseSingleDLL|x64.ActiveCfg = Release|x64
		{D841B09F-FAA0-47FF-8657-E2D8A48713AA}.ReleaseSingleDLL|x64.Build.0 = Release|x64
		{D841B09F-FAA0-47FF-8657-E2D8A48713AA}.ReleaseSingleLib|Win32.ActiveCfg = Release|Win32
		{D841B09F-FAA0-47FF-8657-E2D8A48713AA}.ReleaseSingleLib|Win32.Build.0 = Release|Win32
		{D841B09F-FAA0-47FF-8657-E2D8A48713AA}.ReleaseSingleLib|x64.ActiveCfg = Release|x64
		{D841B09F-FAA0-47FF-8657-E2D8A48713AA}.ReleaseSingleLib|x64.Build.0 = Release|x64
	EndGlobalSection
	GlobalSection(SolutionProperties) = preSolution
		HideSolutionNode = FALSE
	EndGlobalSection
	GlobalSection(ExtensibilityGlobals) = postSolution
		SolutionGuid = {DF1A5474-0938-44BE-860C-AD2AD3ADC72C}
	EndGlobalSection
EndGlobal
